
Microsoft Visual Studio Solution File, Format Version 12.00
# Visual Studio 14
VisualStudioVersion = 14.0.23107.0
MinimumVisualStudioVersion = 10.0.40219.1
Project("{8BC9CEB8-8B4A-11D0-8D11-00A0C91BC942}") = "ArduinoBits", "ArduinoBits.vcxproj", "{D09E5278-5C9A-4645-908A-4A069603D57F}"
EndProject
Project("{8BC9CEB8-8B4A-11D0-8D11-00A0C91BC942}") = "I2CScanner", "I2CScanner\I2CScanner.vcxproj", "{10633372-BABE-47AB-A8BF-9D80EBDA0133}"
EndProject
Project("{8BC9CEB8-8B4A-11D0-8D11-00A0C91BC942}") = "UltrasonicRangefinder", "UltrasonicRangefinder\UltrasonicRangefinder.vcxproj", "{40131E17-53BF-489E-A70C-A5323EDAE6E6}"
EndProject
Project("{8BC9CEB8-8B4A-11D0-8D11-00A0C91BC942}") = "BlinkFaster", "BlinkFaster\BlinkFaster.vcxproj", "{C5F80730-F44F-4478-BDAE-6634EFC2CA88}"
EndProject
Project("{8BC9CEB8-8B4A-11D0-8D11-00A0C91BC942}") = "CheckLCDKeypadShield", "CheckLCDShield\CheckLCDShield.vcxproj", "{482562FE-E2E2-4018-917D-9D3FF5189B14}"
EndProject
Project("{8BC9CEB8-8B4A-11D0-8D11-00A0C91BC942}") = "LCDKeypadShield", "LCDKeypadShield\LCDKeypadShield.vcxproj", "{B06C29BD-F17C-4A0F-9571-229321A3BFD5}"
EndProject
Project("{8BC9CEB8-8B4A-11D0-8D11-00A0C91BC942}") = "MotorRelay", "MotorRelay\MotorRelay.vcxproj", "{0B8CD376-ABB4-4C48-9A3C-C878CFCFA023}"
EndProject
Project("{8BC9CEB8-8B4A-11D0-8D11-00A0C91BC942}") = "OLED", "OLED\OLED.vcxproj", "{DFD6FDF9-DBD4-419D-B542-FCE6F6DCF103}"
EndProject
Project("{8BC9CEB8-8B4A-11D0-8D11-00A0C91BC942}") = "OLEDOscilloscope", "OLEDOscilloscope\OLEDOscilloscope.vcxproj", "{1FD5B553-DC82-41B1-947F-CAB5071B4E49}"
EndProject
Project("{8BC9CEB8-8B4A-11D0-8D11-00A0C91BC942}") = "RGB_LED", "RGB_LED\RGB_LED.vcxproj", "{02A6A012-0885-46A7-8487-B1C7BB406AB1}"
EndProject
Project("{8BC9CEB8-8B4A-11D0-8D11-00A0C91BC942}") = "RGB7Jewel", "RGB7Jewel\RGB7Jewel.vcxproj", "{EEF2EC72-CF31-4B26-B6A9-4ED8F11592D9}"
EndProject
Project("{8BC9CEB8-8B4A-11D0-8D11-00A0C91BC942}") = "SimpleVoltmeter", "SimpleVoltmeter\SimpleVoltmeter.vcxproj", "{A500D4D5-114E-48CE-95F9-CCE025C027C7}"
EndProject
Project("{8BC9CEB8-8B4A-11D0-8D11-00A0C91BC942}") = "Simultaneous", "Simultaneous\Simultaneous.vcxproj", "{408FC9CE-0A34-4E2E-B3F9-CC47A5452F2B}"
EndProject
Project("{8BC9CEB8-8B4A-11D0-8D11-00A0C91BC942}") = "TekMinMaxMeas", "TekMinMaxMeas\TekMinMaxMeas.vcxproj", "{EFAA54E2-D596-4604-A46E-C7E850821AB6}"
EndProject
Project("{8BC9CEB8-8B4A-11D0-8D11-00A0C91BC942}") = "TekTonToffDuty", "TekTonToffDuty\TekTonToffDuty.vcxproj", "{5D899082-7A14-496B-992E-2BD23CB3AF4C}"
EndProject
Project("{8BC9CEB8-8B4A-11D0-8D11-00A0C91BC942}") = "VibrationMtr", "VibrationMtr\VibrationMtr.vcxproj", "{2AA0E8C9-EF6F-4DC1-94C5-C6B4250C18B2}"
EndProject
Project("{8BC9CEB8-8B4A-11D0-8D11-00A0C91BC942}") = "XmasOrnament", "XmasOrnament\XmasOrnament.vcxproj", "{41795655-CD54-4C60-9310-F323979C816E}"
EndProject
Project("{8BC9CEB8-8B4A-11D0-8D11-00A0C91BC942}") = "IRObstacleAvoidance", "IRObstacleAvoidance\IRObstacleAvoidance.vcxproj", "{35563A5B-F566-4FD9-8B29-FC596C065C68}"
EndProject
Global
	GlobalSection(SolutionConfigurationPlatforms) = preSolution
		Debug|Any CPU = Debug|Any CPU
		Debug|x64 = Debug|x64
		Debug|x86 = Debug|x86
		Release|Any CPU = Release|Any CPU
		Release|x64 = Release|x64
		Release|x86 = Release|x86
	EndGlobalSection
	GlobalSection(ProjectConfigurationPlatforms) = postSolution
		{D09E5278-5C9A-4645-908A-4A069603D57F}.Debug|Any CPU.ActiveCfg = Debug|Win32
		{D09E5278-5C9A-4645-908A-4A069603D57F}.Debug|x64.ActiveCfg = Debug|x64
		{D09E5278-5C9A-4645-908A-4A069603D57F}.Debug|x64.Build.0 = Debug|x64
		{D09E5278-5C9A-4645-908A-4A069603D57F}.Debug|x86.ActiveCfg = Debug|Win32
		{D09E5278-5C9A-4645-908A-4A069603D57F}.Debug|x86.Build.0 = Debug|Win32
		{D09E5278-5C9A-4645-908A-4A069603D57F}.Release|Any CPU.ActiveCfg = Release|Win32
		{D09E5278-5C9A-4645-908A-4A069603D57F}.Release|x64.ActiveCfg = Release|x64
		{D09E5278-5C9A-4645-908A-4A069603D57F}.Release|x64.Build.0 = Release|x64
		{D09E5278-5C9A-4645-908A-4A069603D57F}.Release|x86.ActiveCfg = Release|Win32
		{D09E5278-5C9A-4645-908A-4A069603D57F}.Release|x86.Build.0 = Release|Win32
		{10633372-BABE-47AB-A8BF-9D80EBDA0133}.Debug|Any CPU.ActiveCfg = Debug|Win32
		{10633372-BABE-47AB-A8BF-9D80EBDA0133}.Debug|x64.ActiveCfg = Debug|Win32
		{10633372-BABE-47AB-A8BF-9D80EBDA0133}.Debug|x86.ActiveCfg = Debug|Win32
		{10633372-BABE-47AB-A8BF-9D80EBDA0133}.Debug|x86.Build.0 = Debug|Win32
		{10633372-BABE-47AB-A8BF-9D80EBDA0133}.Release|Any CPU.ActiveCfg = Release|Win32
		{10633372-BABE-47AB-A8BF-9D80EBDA0133}.Release|x64.ActiveCfg = Release|Win32
		{10633372-BABE-47AB-A8BF-9D80EBDA0133}.Release|x86.ActiveCfg = Release|Win32
		{10633372-BABE-47AB-A8BF-9D80EBDA0133}.Release|x86.Build.0 = Release|Win32
		{40131E17-53BF-489E-A70C-A5323EDAE6E6}.Debug|Any CPU.ActiveCfg = Debug|Win32
		{40131E17-53BF-489E-A70C-A5323EDAE6E6}.Debug|x64.ActiveCfg = Debug|Win32
		{40131E17-53BF-489E-A70C-A5323EDAE6E6}.Debug|x86.ActiveCfg = Debug|Win32
		{40131E17-53BF-489E-A70C-A5323EDAE6E6}.Debug|x86.Build.0 = Debug|Win32
		{40131E17-53BF-489E-A70C-A5323EDAE6E6}.Release|Any CPU.ActiveCfg = Release|Win32
		{40131E17-53BF-489E-A70C-A5323EDAE6E6}.Release|x64.ActiveCfg = Release|Win32
		{40131E17-53BF-489E-A70C-A5323EDAE6E6}.Release|x86.ActiveCfg = Release|Win32
		{40131E17-53BF-489E-A70C-A5323EDAE6E6}.Release|x86.Build.0 = Release|Win32
		{C5F80730-F44F-4478-BDAE-6634EFC2CA88}.Debug|Any CPU.ActiveCfg = Debug|Win32
		{C5F80730-F44F-4478-BDAE-6634EFC2CA88}.Debug|x64.ActiveCfg = Debug|Win32
		{C5F80730-F44F-4478-BDAE-6634EFC2CA88}.Debug|x86.ActiveCfg = Debug|Win32
		{C5F80730-F44F-4478-BDAE-6634EFC2CA88}.Debug|x86.Build.0 = Debug|Win32
		{C5F80730-F44F-4478-BDAE-6634EFC2CA88}.Release|Any CPU.ActiveCfg = Release|Win32
		{C5F80730-F44F-4478-BDAE-6634EFC2CA88}.Release|x64.ActiveCfg = Release|Win32
		{C5F80730-F44F-4478-BDAE-6634EFC2CA88}.Release|x86.ActiveCfg = Release|Win32
		{C5F80730-F44F-4478-BDAE-6634EFC2CA88}.Release|x86.Build.0 = Release|Win32
		{482562FE-E2E2-4018-917D-9D3FF5189B14}.Debug|Any CPU.ActiveCfg = Debug|Win32
		{482562FE-E2E2-4018-917D-9D3FF5189B14}.Debug|x64.ActiveCfg = Debug|Win32
		{482562FE-E2E2-4018-917D-9D3FF5189B14}.Debug|x86.ActiveCfg = Debug|Win32
		{482562FE-E2E2-4018-917D-9D3FF5189B14}.Debug|x86.Build.0 = Debug|Win32
		{482562FE-E2E2-4018-917D-9D3FF5189B14}.Release|Any CPU.ActiveCfg = Release|Win32
		{482562FE-E2E2-4018-917D-9D3FF5189B14}.Release|x64.ActiveCfg = Release|Win32
		{482562FE-E2E2-4018-917D-9D3FF5189B14}.Release|x86.ActiveCfg = Release|Win32
		{482562FE-E2E2-4018-917D-9D3FF5189B14}.Release|x86.Build.0 = Release|Win32
		{B06C29BD-F17C-4A0F-9571-229321A3BFD5}.Debug|Any CPU.ActiveCfg = Debug|Win32
		{B06C29BD-F17C-4A0F-9571-229321A3BFD5}.Debug|x64.ActiveCfg = Debug|Win32
		{B06C29BD-F17C-4A0F-9571-229321A3BFD5}.Debug|x86.ActiveCfg = Debug|Win32
		{B06C29BD-F17C-4A0F-9571-229321A3BFD5}.Debug|x86.Build.0 = Debug|Win32
		{B06C29BD-F17C-4A0F-9571-229321A3BFD5}.Release|Any CPU.ActiveCfg = Release|Win32
		{B06C29BD-F17C-4A0F-9571-229321A3BFD5}.Release|x64.ActiveCfg = Release|Win32
		{B06C29BD-F17C-4A0F-9571-229321A3BFD5}.Release|x86.ActiveCfg = Release|Win32
		{B06C29BD-F17C-4A0F-9571-229321A3BFD5}.Release|x86.Build.0 = Release|Win32
		{0B8CD376-ABB4-4C48-9A3C-C878CFCFA023}.Debug|Any CPU.ActiveCfg = Debug|Win32
		{0B8CD376-ABB4-4C48-9A3C-C878CFCFA023}.Debug|x64.ActiveCfg = Debug|x64
		{0B8CD376-ABB4-4C48-9A3C-C878CFCFA023}.Debug|x64.Build.0 = Debug|x64
		{0B8CD376-ABB4-4C48-9A3C-C878CFCFA023}.Debug|x86.ActiveCfg = Debug|Win32
		{0B8CD376-ABB4-4C48-9A3C-C878CFCFA023}.Debug|x86.Build.0 = Debug|Win32
		{0B8CD376-ABB4-4C48-9A3C-C878CFCFA023}.Release|Any CPU.ActiveCfg = Release|Win32
		{0B8CD376-ABB4-4C48-9A3C-C878CFCFA023}.Release|x64.ActiveCfg = Release|x64
		{0B8CD376-ABB4-4C48-9A3C-C878CFCFA023}.Release|x64.Build.0 = Release|x64
		{0B8CD376-ABB4-4C48-9A3C-C878CFCFA023}.Release|x86.ActiveCfg = Release|Win32
		{0B8CD376-ABB4-4C48-9A3C-C878CFCFA023}.Release|x86.Build.0 = Release|Win32
		{DFD6FDF9-DBD4-419D-B542-FCE6F6DCF103}.Debug|Any CPU.ActiveCfg = Debug|Win32
		{DFD6FDF9-DBD4-419D-B542-FCE6F6DCF103}.Debug|x64.ActiveCfg = Debug|x64
		{DFD6FDF9-DBD4-419D-B542-FCE6F6DCF103}.Debug|x64.Build.0 = Debug|x64
		{DFD6FDF9-DBD4-419D-B542-FCE6F6DCF103}.Debug|x86.ActiveCfg = Debug|Win32
		{DFD6FDF9-DBD4-419D-B542-FCE6F6DCF103}.Debug|x86.Build.0 = Debug|Win32
		{DFD6FDF9-DBD4-419D-B542-FCE6F6DCF103}.Release|Any CPU.ActiveCfg = Release|Win32
		{DFD6FDF9-DBD4-419D-B542-FCE6F6DCF103}.Release|x64.ActiveCfg = Release|x64
		{DFD6FDF9-DBD4-419D-B542-FCE6F6DCF103}.Release|x64.Build.0 = Release|x64
		{DFD6FDF9-DBD4-419D-B542-FCE6F6DCF103}.Release|x86.ActiveCfg = Release|Win32
		{DFD6FDF9-DBD4-419D-B542-FCE6F6DCF103}.Release|x86.Build.0 = Release|Win32
		{1FD5B553-DC82-41B1-947F-CAB5071B4E49}.Debug|Any CPU.ActiveCfg = Debug|Win32
		{1FD5B553-DC82-41B1-947F-CAB5071B4E49}.Debug|x64.ActiveCfg = Debug|x64
		{1FD5B553-DC82-41B1-947F-CAB5071B4E49}.Debug|x64.Build.0 = Debug|x64
		{1FD5B553-DC82-41B1-947F-CAB5071B4E49}.Debug|x86.ActiveCfg = Debug|Win32
		{1FD5B553-DC82-41B1-947F-CAB5071B4E49}.Debug|x86.Build.0 = Debug|Win32
		{1FD5B553-DC82-41B1-947F-CAB5071B4E49}.Release|Any CPU.ActiveCfg = Release|Win32
		{1FD5B553-DC82-41B1-947F-CAB5071B4E49}.Release|x64.ActiveCfg = Release|x64
		{1FD5B553-DC82-41B1-947F-CAB5071B4E49}.Release|x64.Build.0 = Release|x64
		{1FD5B553-DC82-41B1-947F-CAB5071B4E49}.Release|x86.ActiveCfg = Release|Win32
		{1FD5B553-DC82-41B1-947F-CAB5071B4E49}.Release|x86.Build.0 = Release|Win32
		{02A6A012-0885-46A7-8487-B1C7BB406AB1}.Debug|Any CPU.ActiveCfg = Debug|Win32
		{02A6A012-0885-46A7-8487-B1C7BB406AB1}.Debug|x64.ActiveCfg = Debug|x64
		{02A6A012-0885-46A7-8487-B1C7BB406AB1}.Debug|x64.Build.0 = Debug|x64
		{02A6A012-0885-46A7-8487-B1C7BB406AB1}.Debug|x86.ActiveCfg = Debug|Win32
		{02A6A012-0885-46A7-8487-B1C7BB406AB1}.Debug|x86.Build.0 = Debug|Win32
		{02A6A012-0885-46A7-8487-B1C7BB406AB1}.Release|Any CPU.ActiveCfg = Release|Win32
		{02A6A012-0885-46A7-8487-B1C7BB406AB1}.Release|x64.ActiveCfg = Release|x64
		{02A6A012-0885-46A7-8487-B1C7BB406AB1}.Release|x64.Build.0 = Release|x64
		{02A6A012-0885-46A7-8487-B1C7BB406AB1}.Release|x86.ActiveCfg = Release|Win32
		{02A6A012-0885-46A7-8487-B1C7BB406AB1}.Release|x86.Build.0 = Release|Win32
		{EEF2EC72-CF31-4B26-B6A9-4ED8F11592D9}.Debug|Any CPU.ActiveCfg = Debug|Win32
		{EEF2EC72-CF31-4B26-B6A9-4ED8F11592D9}.Debug|x64.ActiveCfg = Debug|x64
		{EEF2EC72-CF31-4B26-B6A9-4ED8F11592D9}.Debug|x64.Build.0 = Debug|x64
		{EEF2EC72-CF31-4B26-B6A9-4ED8F11592D9}.Debug|x86.ActiveCfg = Debug|Win32
		{EEF2EC72-CF31-4B26-B6A9-4ED8F11592D9}.Debug|x86.Build.0 = Debug|Win32
		{EEF2EC72-CF31-4B26-B6A9-4ED8F11592D9}.Release|Any CPU.ActiveCfg = Release|Win32
		{EEF2EC72-CF31-4B26-B6A9-4ED8F11592D9}.Release|x64.ActiveCfg = Release|x64
		{EEF2EC72-CF31-4B26-B6A9-4ED8F11592D9}.Release|x64.Build.0 = Release|x64
		{EEF2EC72-CF31-4B26-B6A9-4ED8F11592D9}.Release|x86.ActiveCfg = Release|Win32
		{EEF2EC72-CF31-4B26-B6A9-4ED8F11592D9}.Release|x86.Build.0 = Release|Win32
		{A500D4D5-114E-48CE-95F9-CCE025C027C7}.Debug|Any CPU.ActiveCfg = Debug|Win32
		{A500D4D5-114E-48CE-95F9-CCE025C027C7}.Debug|x64.ActiveCfg = Debug|Win32
		{A500D4D5-114E-48CE-95F9-CCE025C027C7}.Debug|x86.ActiveCfg = Debug|Win32
		{A500D4D5-114E-48CE-95F9-CCE025C027C7}.Debug|x86.Build.0 = Debug|Win32
		{A500D4D5-114E-48CE-95F9-CCE025C027C7}.Release|Any CPU.ActiveCfg = Release|Win32
		{A500D4D5-114E-48CE-95F9-CCE025C027C7}.Release|x64.ActiveCfg = Release|Win32
		{A500D4D5-114E-48CE-95F9-CCE025C027C7}.Release|x86.ActiveCfg = Release|Win32
		{A500D4D5-114E-48CE-95F9-CCE025C027C7}.Release|x86.Build.0 = Release|Win32
		{408FC9CE-0A34-4E2E-B3F9-CC47A5452F2B}.Debug|Any CPU.ActiveCfg = Debug|Win32
		{408FC9CE-0A34-4E2E-B3F9-CC47A5452F2B}.Debug|x64.ActiveCfg = Debug|x64
		{408FC9CE-0A34-4E2E-B3F9-CC47A5452F2B}.Debug|x64.Build.0 = Debug|x64
		{408FC9CE-0A34-4E2E-B3F9-CC47A5452F2B}.Debug|x86.ActiveCfg = Debug|Win32
		{408FC9CE-0A34-4E2E-B3F9-CC47A5452F2B}.Debug|x86.Build.0 = Debug|Win32
		{408FC9CE-0A34-4E2E-B3F9-CC47A5452F2B}.Release|Any CPU.ActiveCfg = Release|Win32
		{408FC9CE-0A34-4E2E-B3F9-CC47A5452F2B}.Release|x64.ActiveCfg = Release|x64
		{408FC9CE-0A34-4E2E-B3F9-CC47A5452F2B}.Release|x64.Build.0 = Release|x64
		{408FC9CE-0A34-4E2E-B3F9-CC47A5452F2B}.Release|x86.ActiveCfg = Release|Win32
		{408FC9CE-0A34-4E2E-B3F9-CC47A5452F2B}.Release|x86.Build.0 = Release|Win32
		{EFAA54E2-D596-4604-A46E-C7E850821AB6}.Debug|Any CPU.ActiveCfg = Debug|Win32
		{EFAA54E2-D596-4604-A46E-C7E850821AB6}.Debug|x64.ActiveCfg = Debug|x64
		{EFAA54E2-D596-4604-A46E-C7E850821AB6}.Debug|x64.Build.0 = Debug|x64
		{EFAA54E2-D596-4604-A46E-C7E850821AB6}.Debug|x86.ActiveCfg = Debug|Win32
		{EFAA54E2-D596-4604-A46E-C7E850821AB6}.Debug|x86.Build.0 = Debug|Win32
		{EFAA54E2-D596-4604-A46E-C7E850821AB6}.Release|Any CPU.ActiveCfg = Release|Win32
		{EFAA54E2-D596-4604-A46E-C7E850821AB6}.Release|x64.ActiveCfg = Release|x64
		{EFAA54E2-D596-4604-A46E-C7E850821AB6}.Release|x64.Build.0 = Release|x64
		{EFAA54E2-D596-4604-A46E-C7E850821AB6}.Release|x86.ActiveCfg = Release|Win32
		{EFAA54E2-D596-4604-A46E-C7E850821AB6}.Release|x86.Build.0 = Release|Win32
		{5D899082-7A14-496B-992E-2BD23CB3AF4C}.Debug|Any CPU.ActiveCfg = Debug|Win32
		{5D899082-7A14-496B-992E-2BD23CB3AF4C}.Debug|x64.ActiveCfg = Debug|x64
		{5D899082-7A14-496B-992E-2BD23CB3AF4C}.Debug|x64.Build.0 = Debug|x64
		{5D899082-7A14-496B-992E-2BD23CB3AF4C}.Debug|x86.ActiveCfg = Debug|Win32
		{5D899082-7A14-496B-992E-2BD23CB3AF4C}.Debug|x86.Build.0 = Debug|Win32
		{5D899082-7A14-496B-992E-2BD23CB3AF4C}.Release|Any CPU.ActiveCfg = Release|Win32
		{5D899082-7A14-496B-992E-2BD23CB3AF4C}.Release|x64.ActiveCfg = Release|x64
		{5D899082-7A14-496B-992E-2BD23CB3AF4C}.Release|x64.Build.0 = Release|x64
		{5D899082-7A14-496B-992E-2BD23CB3AF4C}.Release|x86.ActiveCfg = Release|Win32
		{5D899082-7A14-496B-992E-2BD23CB3AF4C}.Release|x86.Build.0 = Release|Win32
		{2AA0E8C9-EF6F-4DC1-94C5-C6B4250C18B2}.Debug|Any CPU.ActiveCfg = Debug|Win32
		{2AA0E8C9-EF6F-4DC1-94C5-C6B4250C18B2}.Debug|x64.ActiveCfg = Debug|x64
		{2AA0E8C9-EF6F-4DC1-94C5-C6B4250C18B2}.Debug|x64.Build.0 = Debug|x64
		{2AA0E8C9-EF6F-4DC1-94C5-C6B4250C18B2}.Debug|x86.ActiveCfg = Debug|Win32
		{2AA0E8C9-EF6F-4DC1-94C5-C6B4250C18B2}.Debug|x86.Build.0 = Debug|Win32
		{2AA0E8C9-EF6F-4DC1-94C5-C6B4250C18B2}.Release|Any CPU.ActiveCfg = Release|Win32
		{2AA0E8C9-EF6F-4DC1-94C5-C6B4250C18B2}.Release|x64.ActiveCfg = Release|x64
		{2AA0E8C9-EF6F-4DC1-94C5-C6B4250C18B2}.Release|x64.Build.0 = Release|x64
		{2AA0E8C9-EF6F-4DC1-94C5-C6B4250C18B2}.Release|x86.ActiveCfg = Release|Win32
		{2AA0E8C9-EF6F-4DC1-94C5-C6B4250C18B2}.Release|x86.Build.0 = Release|Win32
		{41795655-CD54-4C60-9310-F323979C816E}.Debug|Any CPU.ActiveCfg = Debug|Win32
		{41795655-CD54-4C60-9310-F323979C816E}.Debug|x64.ActiveCfg = Debug|x64
		{41795655-CD54-4C60-9310-F323979C816E}.Debug|x64.Build.0 = Debug|x64
		{41795655-CD54-4C60-9310-F323979C816E}.Debug|x86.ActiveCfg = Debug|Win32
		{41795655-CD54-4C60-9310-F323979C816E}.Debug|x86.Build.0 = Debug|Win32
		{41795655-CD54-4C60-9310-F323979C816E}.Release|Any CPU.ActiveCfg = Release|Win32
		{41795655-CD54-4C60-9310-F323979C816E}.Release|x64.ActiveCfg = Release|x64
		{41795655-CD54-4C60-9310-F323979C816E}.Release|x64.Build.0 = Release|x64
		{41795655-CD54-4C60-9310-F323979C816E}.Release|x86.ActiveCfg = Release|Win32
		{41795655-CD54-4C60-9310-F323979C816E}.Release|x86.Build.0 = Release|Win32
		{35563A5B-F566-4FD9-8B29-FC596C065C68}.Debug|Any CPU.ActiveCfg = Debug|Win32
		{35563A5B-F566-4FD9-8B29-FC596C065C68}.Debug|x64.ActiveCfg = Debug|x64
		{35563A5B-F566-4FD9-8B29-FC596C065C68}.Debug|x64.Build.0 = Debug|x64
		{35563A5B-F566-4FD9-8B29-FC596C065C68}.Debug|x86.ActiveCfg = Debug|Win32
		{35563A5B-F566-4FD9-8B29-FC596C065C68}.Debug|x86.Build.0 = Debug|Win32
		{35563A5B-F566-4FD9-8B29-FC596C065C68}.Release|Any CPU.ActiveCfg = Release|Win32
		{35563A5B-F566-4FD9-8B29-FC596C065C68}.Release|x64.ActiveCfg = Release|x64
		{35563A5B-F566-4FD9-8B29-FC596C065C68}.Release|x64.Build.0 = Release|x64
		{35563A5B-F566-4FD9-8B29-FC596C065C68}.Release|x86.ActiveCfg = Release|Win32
		{35563A5B-F566-4FD9-8B29-FC596C065C68}.Release|x86.Build.0 = Release|Win32
	EndGlobalSection
	GlobalSection(SolutionProperties) = preSolution
		HideSolutionNode = FALSE
	EndGlobalSection
EndGlobal
